
Microsoft Visual Studio Solution File, Format Version 12.00
# Visual Studio Version 17
VisualStudioVersion = 17.3.32929.385
MinimumVisualStudioVersion = 10.0.40219.1
Project("{FAE04EC0-301F-11D3-BF4B-00C04F79EFBC}") = "nov27", "nov27\nov27.csproj", "{561BCFD1-83CC-4C8A-B363-124106B979B8}"
EndProject
Global
	GlobalSection(SolutionConfigurationPlatforms) = preSolution
		Debug|Any CPU = Debug|Any CPU
		Release|Any CPU = Release|Any CPU
	EndGlobalSection
	GlobalSection(ProjectConfigurationPlatforms) = postSolution
		{561BCFD1-83CC-4C8A-B363-124106B979B8}.Debug|Any CPU.ActiveCfg = Debug|Any CPU
		{561BCFD1-83CC-4C8A-B363-124106B979B8}.Debug|Any CPU.Build.0 = Debug|Any CPU
		{561BCFD1-83CC-4C8A-B363-124106B979B8}.Release|Any CPU.ActiveCfg = Release|Any CPU
		{561BCFD1-83CC-4C8A-B363-124106B979B8}.Release|Any CPU.Build.0 = Release|Any CPU
	EndGlobalSection
	GlobalSection(SolutionProperties) = preSolution
		HideSolutionNode = FALSE
	EndGlobalSection
	GlobalSection(ExtensibilityGlobals) = postSolution
		SolutionGuid = {E445D9A9-BC9A-47E0-A7D8-1181A49B5166}
	EndGlobalSection
EndGlobal
